<?xml version="1.0" encoding="utf-8"?>
<Project ToolsVersion="17.0" xmlns="http://schemas.microsoft.com/developer/msbuild/2003">
  <ItemGroup>
    <CustomBuild Include="C:\Users\Matth\Desktop\OpenGLProject\CMakeFiles\4e9db5f2953ce9d5ae395a1e79f71f36\INSTALL_force.rule">
      <Filter>CMake Rules</Filter>
    </CustomBuild>
  </ItemGroup>
  <ItemGroup>
    <Filter Include="CMake Rules">
      <UniqueIdentifier>{B9A25140-9D0D-340E-974F-400D5EE2CB19}</UniqueIdentifier>
    </Filter>
  </ItemGroup>
</Project>
