
Microsoft Visual Studio Solution File, Format Version 12.00
# Visual Studio Version 17
Project("{2150E333-8FDC-42A3-9474-1A3956D46DE8}") = "CMakePredefinedTargets", "CMakePredefinedTargets", "{B9C07DBC-EFA5-30A3-8B8D-B235DC2AFF41}"
EndProject
Project("{2150E333-8FDC-42A3-9474-1A3956D46DE8}") = "GLFW3", "GLFW3", "{C8F86B1E-2DB8-387A-ACD3-7CD002E8E057}"
EndProject
Project("{2150E333-8FDC-42A3-9474-1A3956D46DE8}") = "Examples", "GLFW3\Examples", "{480ABC93-DC01-32B9-9FBB-95CB96EF5861}"
EndProject
Project("{2150E333-8FDC-42A3-9474-1A3956D46DE8}") = "Tests", "GLFW3\Tests", "{75FC7D4C-A7EE-3390-B24E-14E77D0A20A5}"
EndProject
Project("{8BC9CEB8-8B4A-11D0-8D11-00A0C91BC942}") = "ALL_BUILD", "ALL_BUILD.vcxproj", "{B41B4995-65C5-3B0F-8FEC-BA729E779909}"
	ProjectSection(ProjectDependencies) = postProject
		{B93489ED-43CD-39A6-A0D5-16626F53045C} = {B93489ED-43CD-39A6-A0D5-16626F53045C}
		{EA2A7AA8-F6B2-323D-9C11-24A49AD418A7} = {EA2A7AA8-F6B2-323D-9C11-24A49AD418A7}
		{038F3422-5877-38C0-A44C-D3FE192FBF0B} = {038F3422-5877-38C0-A44C-D3FE192FBF0B}
		{92E11628-C21C-305C-9650-B9833BA172B0} = {92E11628-C21C-305C-9650-B9833BA172B0}
		{6F15CBBF-C8F7-30B8-ABF4-1E986F5AC6F6} = {6F15CBBF-C8F7-30B8-ABF4-1E986F5AC6F6}
		{EC184027-6F1F-32D9-A022-582161563354} = {EC184027-6F1F-32D9-A022-582161563354}
		{7570DC00-D36B-3C77-AFBB-875598FCAC99} = {7570DC00-D36B-3C77-AFBB-875598FCAC99}
		{B313632D-48D8-31D2-A944-393AF8097BA7} = {B313632D-48D8-31D2-A944-393AF8097BA7}
		{529AE1A1-4319-3D1E-8365-CE6E3EC850FD} = {529AE1A1-4319-3D1E-8365-CE6E3EC850FD}
		{A136F018-0B9C-3A3A-85FD-1B551E6417EC} = {A136F018-0B9C-3A3A-85FD-1B551E6417EC}
		{AD5AA124-D52E-3CA4-AAE2-FE4F82A0D0E2} = {AD5AA124-D52E-3CA4-AAE2-FE4F82A0D0E2}
		{8D78ADC8-C231-392E-A9A5-3065DA91E8FD} = {8D78ADC8-C231-392E-A9A5-3065DA91E8FD}
		{ABF62EE0-75F8-3CC8-A94B-94C94EED4322} = {ABF62EE0-75F8-3CC8-A94B-94C94EED4322}
		{09C97E44-ED0D-3FA5-8A30-E534B22ECF00} = {09C97E44-ED0D-3FA5-8A30-E534B22ECF00}
		{A26C829C-8A91-3D6E-94DE-74B25F7B68D6} = {A26C829C-8A91-3D6E-94DE-74B25F7B68D6}
		{D5DA946E-A4CD-3378-8950-986D9A1EAFC4} = {D5DA946E-A4CD-3378-8950-986D9A1EAFC4}
		{6AE0A5BF-4EA7-3ABB-A951-F1E962353519} = {6AE0A5BF-4EA7-3ABB-A951-F1E962353519}
		{BE2C9FE2-2690-39DE-8D5C-0BAE12E0B22B} = {BE2C9FE2-2690-39DE-8D5C-0BAE12E0B22B}
		{43561D21-B6BE-3CFF-9468-A36D3EAA737E} = {43561D21-B6BE-3CFF-9468-A36D3EAA737E}
		{30F20EDE-221D-3D88-8A61-7560ADAEB5A7} = {30F20EDE-221D-3D88-8A61-7560ADAEB5A7}
		{884DA3E7-0201-318B-BFD1-39D685C3D75B} = {884DA3E7-0201-318B-BFD1-39D685C3D75B}
		{EB7BB72A-A3EB-3CF1-8933-5919FB43CDED} = {EB7BB72A-A3EB-3CF1-8933-5919FB43CDED}
		{60BA27F3-8981-38AF-8465-B223854638C2} = {60BA27F3-8981-38AF-8465-B223854638C2}
		{D8AFC79C-3BFD-3E63-970C-CF7404CC08F3} = {D8AFC79C-3BFD-3E63-970C-CF7404CC08F3}
		{C906D750-FC61-36D5-AF38-4FAF632CA02B} = {C906D750-FC61-36D5-AF38-4FAF632CA02B}
		{0021D56F-FE64-36A6-A3C5-D4FB1BFF0628} = {0021D56F-FE64-36A6-A3C5-D4FB1BFF0628}
		{43D2A190-254B-39A6-B19D-A65075E16F0E} = {43D2A190-254B-39A6-B19D-A65075E16F0E}
		{0E979711-E174-36F9-BCD4-7FBE29B2F7CF} = {0E979711-E174-36F9-BCD4-7FBE29B2F7CF}
		{425907FE-B181-3158-B58A-E5C80B3DE6F7} = {425907FE-B181-3158-B58A-E5C80B3DE6F7}
		{372F30EE-3B6F-3DFC-A3F9-A4486A93FBDA} = {372F30EE-3B6F-3DFC-A3F9-A4486A93FBDA}
		{5AEAB126-55D7-3B55-852A-2E36EE742558} = {5AEAB126-55D7-3B55-852A-2E36EE742558}
	EndProjectSection
EndProject
Project("{8BC9CEB8-8B4A-11D0-8D11-00A0C91BC942}") = "INSTALL", "INSTALL.vcxproj", "{095DCB3B-B4BD-3FA0-B0DD-ACB1AEEF0B04}"
	ProjectSection(ProjectDependencies) = postProject
		{B41B4995-65C5-3B0F-8FEC-BA729E779909} = {B41B4995-65C5-3B0F-8FEC-BA729E779909}
		{B93489ED-43CD-39A6-A0D5-16626F53045C} = {B93489ED-43CD-39A6-A0D5-16626F53045C}
	EndProjectSection
EndProject
Project("{8BC9CEB8-8B4A-11D0-8D11-00A0C91BC942}") = "ZERO_CHECK", "ZERO_CHECK.vcxproj", "{B93489ED-43CD-39A6-A0D5-16626F53045C}"
	ProjectSection(ProjectDependencies) = postProject
	EndProjectSection
EndProject
Project("{8BC9CEB8-8B4A-11D0-8D11-00A0C91BC942}") = "boing", "examples\boing.vcxproj", "{EA2A7AA8-F6B2-323D-9C11-24A49AD418A7}"
	ProjectSection(ProjectDependencies) = postProject
		{B93489ED-43CD-39A6-A0D5-16626F53045C} = {B93489ED-43CD-39A6-A0D5-16626F53045C}
		{529AE1A1-4319-3D1E-8365-CE6E3EC850FD} = {529AE1A1-4319-3D1E-8365-CE6E3EC850FD}
	EndProjectSection
EndProject
Project("{8BC9CEB8-8B4A-11D0-8D11-00A0C91BC942}") = "clipboard", "tests\clipboard.vcxproj", "{038F3422-5877-38C0-A44C-D3FE192FBF0B}"
	ProjectSection(ProjectDependencies) = postProject
		{B93489ED-43CD-39A6-A0D5-16626F53045C} = {B93489ED-43CD-39A6-A0D5-16626F53045C}
		{529AE1A1-4319-3D1E-8365-CE6E3EC850FD} = {529AE1A1-4319-3D1E-8365-CE6E3EC850FD}
	EndProjectSection
EndProject
Project("{8BC9CEB8-8B4A-11D0-8D11-00A0C91BC942}") = "cursor", "tests\cursor.vcxproj", "{92E11628-C21C-305C-9650-B9833BA172B0}"
	ProjectSection(ProjectDependencies) = postProject
		{B93489ED-43CD-39A6-A0D5-16626F53045C} = {B93489ED-43CD-39A6-A0D5-16626F53045C}
		{529AE1A1-4319-3D1E-8365-CE6E3EC850FD} = {529AE1A1-4319-3D1E-8365-CE6E3EC850FD}
	EndProjectSection
EndProject
Project("{8BC9CEB8-8B4A-11D0-8D11-00A0C91BC942}") = "empty", "tests\empty.vcxproj", "{6F15CBBF-C8F7-30B8-ABF4-1E986F5AC6F6}"
	ProjectSection(ProjectDependencies) = postProject
		{B93489ED-43CD-39A6-A0D5-16626F53045C} = {B93489ED-43CD-39A6-A0D5-16626F53045C}
		{529AE1A1-4319-3D1E-8365-CE6E3EC850FD} = {529AE1A1-4319-3D1E-8365-CE6E3EC850FD}
	EndProjectSection
EndProject
Project("{8BC9CEB8-8B4A-11D0-8D11-00A0C91BC942}") = "events", "tests\events.vcxproj", "{EC184027-6F1F-32D9-A022-582161563354}"
	ProjectSection(ProjectDependencies) = postProject
		{B93489ED-43CD-39A6-A0D5-16626F53045C} = {B93489ED-43CD-39A6-A0D5-16626F53045C}
		{529AE1A1-4319-3D1E-8365-CE6E3EC850FD} = {529AE1A1-4319-3D1E-8365-CE6E3EC850FD}
	EndProjectSection
EndProject
Project("{8BC9CEB8-8B4A-11D0-8D11-00A0C91BC942}") = "gamma", "tests\gamma.vcxproj", "{7570DC00-D36B-3C77-AFBB-875598FCAC99}"
	ProjectSection(ProjectDependencies) = postProject
		{B93489ED-43CD-39A6-A0D5-16626F53045C} = {B93489ED-43CD-39A6-A0D5-16626F53045C}
		{529AE1A1-4319-3D1E-8365-CE6E3EC850FD} = {529AE1A1-4319-3D1E-8365-CE6E3EC850FD}
	EndProjectSection
EndProject
Project("{8BC9CEB8-8B4A-11D0-8D11-00A0C91BC942}") = "gears", "examples\gears.vcxproj", "{B313632D-48D8-31D2-A944-393AF8097BA7}"
	ProjectSection(ProjectDependencies) = postProject
		{B93489ED-43CD-39A6-A0D5-16626F53045C} = {B93489ED-43CD-39A6-A0D5-16626F53045C}
		{529AE1A1-4319-3D1E-8365-CE6E3EC850FD} = {529AE1A1-4319-3D1E-8365-CE6E3EC850FD}
	EndProjectSection
EndProject
Project("{8BC9CEB8-8B4A-11D0-8D11-00A0C91BC942}") = "glfw", "src\glfw.vcxproj", "{529AE1A1-4319-3D1E-8365-CE6E3EC850FD}"
	ProjectSection(ProjectDependencies) = postProject
		{B93489ED-43CD-39A6-A0D5-16626F53045C} = {B93489ED-43CD-39A6-A0D5-16626F53045C}
	EndProjectSection
EndProject
Project("{8BC9CEB8-8B4A-11D0-8D11-00A0C91BC942}") = "glfwinfo", "tests\glfwinfo.vcxproj", "{A136F018-0B9C-3A3A-85FD-1B551E6417EC}"
	ProjectSection(ProjectDependencies) = postProject
		{B93489ED-43CD-39A6-A0D5-16626F53045C} = {B93489ED-43CD-39A6-A0D5-16626F53045C}
		{529AE1A1-4319-3D1E-8365-CE6E3EC850FD} = {529AE1A1-4319-3D1E-8365-CE6E3EC850FD}
	EndProjectSection
EndProject
Project("{8BC9CEB8-8B4A-11D0-8D11-00A0C91BC942}") = "heightmap", "examples\heightmap.vcxproj", "{AD5AA124-D52E-3CA4-AAE2-FE4F82A0D0E2}"
	ProjectSection(ProjectDependencies) = postProject
		{B93489ED-43CD-39A6-A0D5-16626F53045C} = {B93489ED-43CD-39A6-A0D5-16626F53045C}
		{529AE1A1-4319-3D1E-8365-CE6E3EC850FD} = {529AE1A1-4319-3D1E-8365-CE6E3EC850FD}
	EndProjectSection
EndProject
Project("{8BC9CEB8-8B4A-11D0-8D11-00A0C91BC942}") = "icon", "tests\icon.vcxproj", "{8D78ADC8-C231-392E-A9A5-3065DA91E8FD}"
	ProjectSection(ProjectDependencies) = postProject
		{B93489ED-43CD-39A6-A0D5-16626F53045C} = {B93489ED-43CD-39A6-A0D5-16626F53045C}
		{529AE1A1-4319-3D1E-8365-CE6E3EC850FD} = {529AE1A1-4319-3D1E-8365-CE6E3EC850FD}
	EndProjectSection
EndProject
Project("{8BC9CEB8-8B4A-11D0-8D11-00A0C91BC942}") = "iconify", "tests\iconify.vcxproj", "{ABF62EE0-75F8-3CC8-A94B-94C94EED4322}"
	ProjectSection(ProjectDependencies) = postProject
		{B93489ED-43CD-39A6-A0D5-16626F53045C} = {B93489ED-43CD-39A6-A0D5-16626F53045C}
		{529AE1A1-4319-3D1E-8365-CE6E3EC850FD} = {529AE1A1-4319-3D1E-8365-CE6E3EC850FD}
	EndProjectSection
EndProject
Project("{8BC9CEB8-8B4A-11D0-8D11-00A0C91BC942}") = "inputlag", "tests\inputlag.vcxproj", "{09C97E44-ED0D-3FA5-8A30-E534B22ECF00}"
	ProjectSection(ProjectDependencies) = postProject
		{B93489ED-43CD-39A6-A0D5-16626F53045C} = {B93489ED-43CD-39A6-A0D5-16626F53045C}
		{529AE1A1-4319-3D1E-8365-CE6E3EC850FD} = {529AE1A1-4319-3D1E-8365-CE6E3EC850FD}
	EndProjectSection
EndProject
Project("{8BC9CEB8-8B4A-11D0-8D11-00A0C91BC942}") = "joysticks", "tests\joysticks.vcxproj", "{A26C829C-8A91-3D6E-94DE-74B25F7B68D6}"
	ProjectSection(ProjectDependencies) = postProject
		{B93489ED-43CD-39A6-A0D5-16626F53045C} = {B93489ED-43CD-39A6-A0D5-16626F53045C}
		{529AE1A1-4319-3D1E-8365-CE6E3EC850FD} = {529AE1A1-4319-3D1E-8365-CE6E3EC850FD}
	EndProjectSection
EndProject
Project("{8BC9CEB8-8B4A-11D0-8D11-00A0C91BC942}") = "monitors", "tests\monitors.vcxproj", "{D5DA946E-A4CD-3378-8950-986D9A1EAFC4}"
	ProjectSection(ProjectDependencies) = postProject
		{B93489ED-43CD-39A6-A0D5-16626F53045C} = {B93489ED-43CD-39A6-A0D5-16626F53045C}
		{529AE1A1-4319-3D1E-8365-CE6E3EC850FD} = {529AE1A1-4319-3D1E-8365-CE6E3EC850FD}
	EndProjectSection
EndProject
Project("{8BC9CEB8-8B4A-11D0-8D11-00A0C91BC942}") = "msaa", "tests\msaa.vcxproj", "{6AE0A5BF-4EA7-3ABB-A951-F1E962353519}"
	ProjectSection(ProjectDependencies) = postProject
		{B93489ED-43CD-39A6-A0D5-16626F53045C} = {B93489ED-43CD-39A6-A0D5-16626F53045C}
		{529AE1A1-4319-3D1E-8365-CE6E3EC850FD} = {529AE1A1-4319-3D1E-8365-CE6E3EC850FD}
	EndProjectSection
EndProject
Project("{8BC9CEB8-8B4A-11D0-8D11-00A0C91BC942}") = "offscreen", "examples\offscreen.vcxproj", "{BE2C9FE2-2690-39DE-8D5C-0BAE12E0B22B}"
	ProjectSection(ProjectDependencies) = postProject
		{B93489ED-43CD-39A6-A0D5-16626F53045C} = {B93489ED-43CD-39A6-A0D5-16626F53045C}
		{529AE1A1-4319-3D1E-8365-CE6E3EC850FD} = {529AE1A1-4319-3D1E-8365-CE6E3EC850FD}
	EndProjectSection
EndProject
Project("{8BC9CEB8-8B4A-11D0-8D11-00A0C91BC942}") = "opacity", "tests\opacity.vcxproj", "{43561D21-B6BE-3CFF-9468-A36D3EAA737E}"
	ProjectSection(ProjectDependencies) = postProject
		{B93489ED-43CD-39A6-A0D5-16626F53045C} = {B93489ED-43CD-39A6-A0D5-16626F53045C}
		{529AE1A1-4319-3D1E-8365-CE6E3EC850FD} = {529AE1A1-4319-3D1E-8365-CE6E3EC850FD}
	EndProjectSection
EndProject
Project("{8BC9CEB8-8B4A-11D0-8D11-00A0C91BC942}") = "particles", "examples\particles.vcxproj", "{30F20EDE-221D-3D88-8A61-7560ADAEB5A7}"
	ProjectSection(ProjectDependencies) = postProject
		{B93489ED-43CD-39A6-A0D5-16626F53045C} = {B93489ED-43CD-39A6-A0D5-16626F53045C}
		{529AE1A1-4319-3D1E-8365-CE6E3EC850FD} = {529AE1A1-4319-3D1E-8365-CE6E3EC850FD}
	EndProjectSection
EndProject
Project("{8BC9CEB8-8B4A-11D0-8D11-00A0C91BC942}") = "reopen", "tests\reopen.vcxproj", "{884DA3E7-0201-318B-BFD1-39D685C3D75B}"
	ProjectSection(ProjectDependencies) = postProject
		{B93489ED-43CD-39A6-A0D5-16626F53045C} = {B93489ED-43CD-39A6-A0D5-16626F53045C}
		{529AE1A1-4319-3D1E-8365-CE6E3EC850FD} = {529AE1A1-4319-3D1E-8365-CE6E3EC850FD}
	EndProjectSection
EndProject
Project("{8BC9CEB8-8B4A-11D0-8D11-00A0C91BC942}") = "sharing", "examples\sharing.vcxproj", "{EB7BB72A-A3EB-3CF1-8933-5919FB43CDED}"
	ProjectSection(ProjectDependencies) = postProject
		{B93489ED-43CD-39A6-A0D5-16626F53045C} = {B93489ED-43CD-39A6-A0D5-16626F53045C}
		{529AE1A1-4319-3D1E-8365-CE6E3EC850FD} = {529AE1A1-4319-3D1E-8365-CE6E3EC850FD}
	EndProjectSection
EndProject
Project("{8BC9CEB8-8B4A-11D0-8D11-00A0C91BC942}") = "simple", "examples\simple.vcxproj", "{60BA27F3-8981-38AF-8465-B223854638C2}"
	ProjectSection(ProjectDependencies) = postProject
		{B93489ED-43CD-39A6-A0D5-16626F53045C} = {B93489ED-43CD-39A6-A0D5-16626F53045C}
		{529AE1A1-4319-3D1E-8365-CE6E3EC850FD} = {529AE1A1-4319-3D1E-8365-CE6E3EC850FD}
	EndProjectSection
EndProject
Project("{8BC9CEB8-8B4A-11D0-8D11-00A0C91BC942}") = "splitview", "examples\splitview.vcxproj", "{D8AFC79C-3BFD-3E63-970C-CF7404CC08F3}"
	ProjectSection(ProjectDependencies) = postProject
		{B93489ED-43CD-39A6-A0D5-16626F53045C} = {B93489ED-43CD-39A6-A0D5-16626F53045C}
		{529AE1A1-4319-3D1E-8365-CE6E3EC850FD} = {529AE1A1-4319-3D1E-8365-CE6E3EC850FD}
	EndProjectSection
EndProject
Project("{8BC9CEB8-8B4A-11D0-8D11-00A0C91BC942}") = "tearing", "tests\tearing.vcxproj", "{C906D750-FC61-36D5-AF38-4FAF632CA02B}"
	ProjectSection(ProjectDependencies) = postProject
		{B93489ED-43CD-39A6-A0D5-16626F53045C} = {B93489ED-43CD-39A6-A0D5-16626F53045C}
		{529AE1A1-4319-3D1E-8365-CE6E3EC850FD} = {529AE1A1-4319-3D1E-8365-CE6E3EC850FD}
	EndProjectSection
EndProject
Project("{8BC9CEB8-8B4A-11D0-8D11-00A0C91BC942}") = "threads", "tests\threads.vcxproj", "{0021D56F-FE64-36A6-A3C5-D4FB1BFF0628}"
	ProjectSection(ProjectDependencies) = postProject
		{B93489ED-43CD-39A6-A0D5-16626F53045C} = {B93489ED-43CD-39A6-A0D5-16626F53045C}
		{529AE1A1-4319-3D1E-8365-CE6E3EC850FD} = {529AE1A1-4319-3D1E-8365-CE6E3EC850FD}
	EndProjectSection
EndProject
Project("{8BC9CEB8-8B4A-11D0-8D11-00A0C91BC942}") = "timeout", "tests\timeout.vcxproj", "{43D2A190-254B-39A6-B19D-A65075E16F0E}"
	ProjectSection(ProjectDependencies) = postProject
		{B93489ED-43CD-39A6-A0D5-16626F53045C} = {B93489ED-43CD-39A6-A0D5-16626F53045C}
		{529AE1A1-4319-3D1E-8365-CE6E3EC850FD} = {529AE1A1-4319-3D1E-8365-CE6E3EC850FD}
	EndProjectSection
EndProject
Project("{8BC9CEB8-8B4A-11D0-8D11-00A0C91BC942}") = "title", "tests\title.vcxproj", "{0E979711-E174-36F9-BCD4-7FBE29B2F7CF}"
	ProjectSection(ProjectDependencies) = postProject
		{B93489ED-43CD-39A6-A0D5-16626F53045C} = {B93489ED-43CD-39A6-A0D5-16626F53045C}
		{529AE1A1-4319-3D1E-8365-CE6E3EC850FD} = {529AE1A1-4319-3D1E-8365-CE6E3EC850FD}
	EndProjectSection
EndProject
Project("{8BC9CEB8-8B4A-11D0-8D11-00A0C91BC942}") = "triangle-vulkan", "tests\triangle-vulkan.vcxproj", "{425907FE-B181-3158-B58A-E5C80B3DE6F7}"
	ProjectSection(ProjectDependencies) = postProject
		{B93489ED-43CD-39A6-A0D5-16626F53045C} = {B93489ED-43CD-39A6-A0D5-16626F53045C}
		{529AE1A1-4319-3D1E-8365-CE6E3EC850FD} = {529AE1A1-4319-3D1E-8365-CE6E3EC850FD}
	EndProjectSection
EndProject
Project("{8BC9CEB8-8B4A-11D0-8D11-00A0C91BC942}") = "uninstall", "uninstall.vcxproj", "{CA0EFA69-B1A8-3C3A-9B1E-C35380464F57}"
	ProjectSection(ProjectDependencies) = postProject
		{B93489ED-43CD-39A6-A0D5-16626F53045C} = {B93489ED-43CD-39A6-A0D5-16626F53045C}
	EndProjectSection
EndProject
Project("{8BC9CEB8-8B4A-11D0-8D11-00A0C91BC942}") = "update_mappings", "src\update_mappings.vcxproj", "{A5F7D93F-79ED-337B-B3E3-82542563F3CE}"
	ProjectSection(ProjectDependencies) = postProject
		{B93489ED-43CD-39A6-A0D5-16626F53045C} = {B93489ED-43CD-39A6-A0D5-16626F53045C}
	EndProjectSection
EndProject
Project("{8BC9CEB8-8B4A-11D0-8D11-00A0C91BC942}") = "wave", "examples\wave.vcxproj", "{372F30EE-3B6F-3DFC-A3F9-A4486A93FBDA}"
	ProjectSection(ProjectDependencies) = postProject
		{B93489ED-43CD-39A6-A0D5-16626F53045C} = {B93489ED-43CD-39A6-A0D5-16626F53045C}
		{529AE1A1-4319-3D1E-8365-CE6E3EC850FD} = {529AE1A1-4319-3D1E-8365-CE6E3EC850FD}
	EndProjectSection
EndProject
Project("{8BC9CEB8-8B4A-11D0-8D11-00A0C91BC942}") = "windows", "tests\windows.vcxproj", "{5AEAB126-55D7-3B55-852A-2E36EE742558}"
	ProjectSection(ProjectDependencies) = postProject
		{B93489ED-43CD-39A6-A0D5-16626F53045C} = {B93489ED-43CD-39A6-A0D5-16626F53045C}
		{529AE1A1-4319-3D1E-8365-CE6E3EC850FD} = {529AE1A1-4319-3D1E-8365-CE6E3EC850FD}
	EndProjectSection
EndProject
Global
	GlobalSection(SolutionConfigurationPlatforms) = preSolution
		Debug|x64 = Debug|x64
		Release|x64 = Release|x64
		MinSizeRel|x64 = MinSizeRel|x64
		RelWithDebInfo|x64 = RelWithDebInfo|x64
	EndGlobalSection
	GlobalSection(ProjectConfigurationPlatforms) = postSolution
		{B41B4995-65C5-3B0F-8FEC-BA729E779909}.Debug|x64.ActiveCfg = Debug|x64
		{B41B4995-65C5-3B0F-8FEC-BA729E779909}.Debug|x64.Build.0 = Debug|x64
		{B41B4995-65C5-3B0F-8FEC-BA729E779909}.Release|x64.ActiveCfg = Release|x64
		{B41B4995-65C5-3B0F-8FEC-BA729E779909}.Release|x64.Build.0 = Release|x64
		{B41B4995-65C5-3B0F-8FEC-BA729E779909}.MinSizeRel|x64.ActiveCfg = MinSizeRel|x64
		{B41B4995-65C5-3B0F-8FEC-BA729E779909}.MinSizeRel|x64.Build.0 = MinSizeRel|x64
		{B41B4995-65C5-3B0F-8FEC-BA729E779909}.RelWithDebInfo|x64.ActiveCfg = RelWithDebInfo|x64
		{B41B4995-65C5-3B0F-8FEC-BA729E779909}.RelWithDebInfo|x64.Build.0 = RelWithDebInfo|x64
		{095DCB3B-B4BD-3FA0-B0DD-ACB1AEEF0B04}.Debug|x64.ActiveCfg = Debug|x64
		{095DCB3B-B4BD-3FA0-B0DD-ACB1AEEF0B04}.Release|x64.ActiveCfg = Release|x64
		{095DCB3B-B4BD-3FA0-B0DD-ACB1AEEF0B04}.MinSizeRel|x64.ActiveCfg = MinSizeRel|x64
		{095DCB3B-B4BD-3FA0-B0DD-ACB1AEEF0B04}.RelWithDebInfo|x64.ActiveCfg = RelWithDebInfo|x64
		{B93489ED-43CD-39A6-A0D5-16626F53045C}.Debug|x64.ActiveCfg = Debug|x64
		{B93489ED-43CD-39A6-A0D5-16626F53045C}.Debug|x64.Build.0 = Debug|x64
		{B93489ED-43CD-39A6-A0D5-16626F53045C}.Release|x64.ActiveCfg = Release|x64
		{B93489ED-43CD-39A6-A0D5-16626F53045C}.Release|x64.Build.0 = Release|x64
		{B93489ED-43CD-39A6-A0D5-16626F53045C}.MinSizeRel|x64.ActiveCfg = MinSizeRel|x64
		{B93489ED-43CD-39A6-A0D5-16626F53045C}.MinSizeRel|x64.Build.0 = MinSizeRel|x64
		{B93489ED-43CD-39A6-A0D5-16626F53045C}.RelWithDebInfo|x64.ActiveCfg = RelWithDebInfo|x64
		{B93489ED-43CD-39A6-A0D5-16626F53045C}.RelWithDebInfo|x64.Build.0 = RelWithDebInfo|x64
		{EA2A7AA8-F6B2-323D-9C11-24A49AD418A7}.Debug|x64.ActiveCfg = Debug|x64
		{EA2A7AA8-F6B2-323D-9C11-24A49AD418A7}.Debug|x64.Build.0 = Debug|x64
		{EA2A7AA8-F6B2-323D-9C11-24A49AD418A7}.Release|x64.ActiveCfg = Release|x64
		{EA2A7AA8-F6B2-323D-9C11-24A49AD418A7}.Release|x64.Build.0 = Release|x64
		{EA2A7AA8-F6B2-323D-9C11-24A49AD418A7}.MinSizeRel|x64.ActiveCfg = MinSizeRel|x64
		{EA2A7AA8-F6B2-323D-9C11-24A49AD418A7}.MinSizeRel|x64.Build.0 = MinSizeRel|x64
		{EA2A7AA8-F6B2-323D-9C11-24A49AD418A7}.RelWithDebInfo|x64.ActiveCfg = RelWithDebInfo|x64
		{EA2A7AA8-F6B2-323D-9C11-24A49AD418A7}.RelWithDebInfo|x64.Build.0 = RelWithDebInfo|x64
		{038F3422-5877-38C0-A44C-D3FE192FBF0B}.Debug|x64.ActiveCfg = Debug|x64
		{038F3422-5877-38C0-A44C-D3FE192FBF0B}.Debug|x64.Build.0 = Debug|x64
		{038F3422-5877-38C0-A44C-D3FE192FBF0B}.Release|x64.ActiveCfg = Release|x64
		{038F3422-5877-38C0-A44C-D3FE192FBF0B}.Release|x64.Build.0 = Release|x64
		{038F3422-5877-38C0-A44C-D3FE192FBF0B}.MinSizeRel|x64.ActiveCfg = MinSizeRel|x64
		{038F3422-5877-38C0-A44C-D3FE192FBF0B}.MinSizeRel|x64.Build.0 = MinSizeRel|x64
		{038F3422-5877-38C0-A44C-D3FE192FBF0B}.RelWithDebInfo|x64.ActiveCfg = RelWithDebInfo|x64
		{038F3422-5877-38C0-A44C-D3FE192FBF0B}.RelWithDebInfo|x64.Build.0 = RelWithDebInfo|x64
		{92E11628-C21C-305C-9650-B9833BA172B0}.Debug|x64.ActiveCfg = Debug|x64
		{92E11628-C21C-305C-9650-B9833BA172B0}.Debug|x64.Build.0 = Debug|x64
		{92E11628-C21C-305C-9650-B9833BA172B0}.Release|x64.ActiveCfg = Release|x64
		{92E11628-C21C-305C-9650-B9833BA172B0}.Release|x64.Build.0 = Release|x64
		{92E11628-C21C-305C-9650-B9833BA172B0}.MinSizeRel|x64.ActiveCfg = MinSizeRel|x64
		{92E11628-C21C-305C-9650-B9833BA172B0}.MinSizeRel|x64.Build.0 = MinSizeRel|x64
		{92E11628-C21C-305C-9650-B9833BA172B0}.RelWithDebInfo|x64.ActiveCfg = RelWithDebInfo|x64
		{92E11628-C21C-305C-9650-B9833BA172B0}.RelWithDebInfo|x64.Build.0 = RelWithDebInfo|x64
		{6F15CBBF-C8F7-30B8-ABF4-1E986F5AC6F6}.Debug|x64.ActiveCfg = Debug|x64
		{6F15CBBF-C8F7-30B8-ABF4-1E986F5AC6F6}.Debug|x64.Build.0 = Debug|x64
		{6F15CBBF-C8F7-30B8-ABF4-1E986F5AC6F6}.Release|x64.ActiveCfg = Release|x64
		{6F15CBBF-C8F7-30B8-ABF4-1E986F5AC6F6}.Release|x64.Build.0 = Release|x64
		{6F15CBBF-C8F7-30B8-ABF4-1E986F5AC6F6}.MinSizeRel|x64.ActiveCfg = MinSizeRel|x64
		{6F15CBBF-C8F7-30B8-ABF4-1E986F5AC6F6}.MinSizeRel|x64.Build.0 = MinSizeRel|x64
		{6F15CBBF-C8F7-30B8-ABF4-1E986F5AC6F6}.RelWithDebInfo|x64.ActiveCfg = RelWithDebInfo|x64
		{6F15CBBF-C8F7-30B8-ABF4-1E986F5AC6F6}.RelWithDebInfo|x64.Build.0 = RelWithDebInfo|x64
		{EC184027-6F1F-32D9-A022-582161563354}.Debug|x64.ActiveCfg = Debug|x64
		{EC184027-6F1F-32D9-A022-582161563354}.Debug|x64.Build.0 = Debug|x64
		{EC184027-6F1F-32D9-A022-582161563354}.Release|x64.ActiveCfg = Release|x64
		{EC184027-6F1F-32D9-A022-582161563354}.Release|x64.Build.0 = Release|x64
		{EC184027-6F1F-32D9-A022-582161563354}.MinSizeRel|x64.ActiveCfg = MinSizeRel|x64
		{EC184027-6F1F-32D9-A022-582161563354}.MinSizeRel|x64.Build.0 = MinSizeRel|x64
		{EC184027-6F1F-32D9-A022-582161563354}.RelWithDebInfo|x64.ActiveCfg = RelWithDebInfo|x64
		{EC184027-6F1F-32D9-A022-582161563354}.RelWithDebInfo|x64.Build.0 = RelWithDebInfo|x64
		{7570DC00-D36B-3C77-AFBB-875598FCAC99}.Debug|x64.ActiveCfg = Debug|x64
		{7570DC00-D36B-3C77-AFBB-875598FCAC99}.Debug|x64.Build.0 = Debug|x64
		{7570DC00-D36B-3C77-AFBB-875598FCAC99}.Release|x64.ActiveCfg = Release|x64
		{7570DC00-D36B-3C77-AFBB-875598FCAC99}.Release|x64.Build.0 = Release|x64
		{7570DC00-D36B-3C77-AFBB-875598FCAC99}.MinSizeRel|x64.ActiveCfg = MinSizeRel|x64
		{7570DC00-D36B-3C77-AFBB-875598FCAC99}.MinSizeRel|x64.Build.0 = MinSizeRel|x64
		{7570DC00-D36B-3C77-AFBB-875598FCAC99}.RelWithDebInfo|x64.ActiveCfg = RelWithDebInfo|x64
		{7570DC00-D36B-3C77-AFBB-875598FCAC99}.RelWithDebInfo|x64.Build.0 = RelWithDebInfo|x64
		{B313632D-48D8-31D2-A944-393AF8097BA7}.Debug|x64.ActiveCfg = Debug|x64
		{B313632D-48D8-31D2-A944-393AF8097BA7}.Debug|x64.Build.0 = Debug|x64
		{B313632D-48D8-31D2-A944-393AF8097BA7}.Release|x64.ActiveCfg = Release|x64
		{B313632D-48D8-31D2-A944-393AF8097BA7}.Release|x64.Build.0 = Release|x64
		{B313632D-48D8-31D2-A944-393AF8097BA7}.MinSizeRel|x64.ActiveCfg = MinSizeRel|x64
		{B313632D-48D8-31D2-A944-393AF8097BA7}.MinSizeRel|x64.Build.0 = MinSizeRel|x64
		{B313632D-48D8-31D2-A944-393AF8097BA7}.RelWithDebInfo|x64.ActiveCfg = RelWithDebInfo|x64
		{B313632D-48D8-31D2-A944-393AF8097BA7}.RelWithDebInfo|x64.Build.0 = RelWithDebInfo|x64
		{529AE1A1-4319-3D1E-8365-CE6E3EC850FD}.Debug|x64.ActiveCfg = Debug|x64
		{529AE1A1-4319-3D1E-8365-CE6E3EC850FD}.Debug|x64.Build.0 = Debug|x64
		{529AE1A1-4319-3D1E-8365-CE6E3EC850FD}.Release|x64.ActiveCfg = Release|x64
		{529AE1A1-4319-3D1E-8365-CE6E3EC850FD}.Release|x64.Build.0 = Release|x64
		{529AE1A1-4319-3D1E-8365-CE6E3EC850FD}.MinSizeRel|x64.ActiveCfg = MinSizeRel|x64
		{529AE1A1-4319-3D1E-8365-CE6E3EC850FD}.MinSizeRel|x64.Build.0 = MinSizeRel|x64
		{529AE1A1-4319-3D1E-8365-CE6E3EC850FD}.RelWithDebInfo|x64.ActiveCfg = RelWithDebInfo|x64
		{529AE1A1-4319-3D1E-8365-CE6E3EC850FD}.RelWithDebInfo|x64.Build.0 = RelWithDebInfo|x64
		{A136F018-0B9C-3A3A-85FD-1B551E6417EC}.Debug|x64.ActiveCfg = Debug|x64
		{A136F018-0B9C-3A3A-85FD-1B551E6417EC}.Debug|x64.Build.0 = Debug|x64
		{A136F018-0B9C-3A3A-85FD-1B551E6417EC}.Release|x64.ActiveCfg = Release|x64
		{A136F018-0B9C-3A3A-85FD-1B551E6417EC}.Release|x64.Build.0 = Release|x64
		{A136F018-0B9C-3A3A-85FD-1B551E6417EC}.MinSizeRel|x64.ActiveCfg = MinSizeRel|x64
		{A136F018-0B9C-3A3A-85FD-1B551E6417EC}.MinSizeRel|x64.Build.0 = MinSizeRel|x64
		{A136F018-0B9C-3A3A-85FD-1B551E6417EC}.RelWithDebInfo|x64.ActiveCfg = RelWithDebInfo|x64
		{A136F018-0B9C-3A3A-85FD-1B551E6417EC}.RelWithDebInfo|x64.Build.0 = RelWithDebInfo|x64
		{AD5AA124-D52E-3CA4-AAE2-FE4F82A0D0E2}.Debug|x64.ActiveCfg = Debug|x64
		{AD5AA124-D52E-3CA4-AAE2-FE4F82A0D0E2}.Debug|x64.Build.0 = Debug|x64
		{AD5AA124-D52E-3CA4-AAE2-FE4F82A0D0E2}.Release|x64.ActiveCfg = Release|x64
		{AD5AA124-D52E-3CA4-AAE2-FE4F82A0D0E2}.Release|x64.Build.0 = Release|x64
		{AD5AA124-D52E-3CA4-AAE2-FE4F82A0D0E2}.MinSizeRel|x64.ActiveCfg = MinSizeRel|x64
		{AD5AA124-D52E-3CA4-AAE2-FE4F82A0D0E2}.MinSizeRel|x64.Build.0 = MinSizeRel|x64
		{AD5AA124-D52E-3CA4-AAE2-FE4F82A0D0E2}.RelWithDebInfo|x64.ActiveCfg = RelWithDebInfo|x64
		{AD5AA124-D52E-3CA4-AAE2-FE4F82A0D0E2}.RelWithDebInfo|x64.Build.0 = RelWithDebInfo|x64
		{8D78ADC8-C231-392E-A9A5-3065DA91E8FD}.Debug|x64.ActiveCfg = Debug|x64
		{8D78ADC8-C231-392E-A9A5-3065DA91E8FD}.Debug|x64.Build.0 = Debug|x64
		{8D78ADC8-C231-392E-A9A5-3065DA91E8FD}.Release|x64.ActiveCfg = Release|x64
		{8D78ADC8-C231-392E-A9A5-3065DA91E8FD}.Release|x64.Build.0 = Release|x64
		{8D78ADC8-C231-392E-A9A5-3065DA91E8FD}.MinSizeRel|x64.ActiveCfg = MinSizeRel|x64
		{8D78ADC8-C231-392E-A9A5-3065DA91E8FD}.MinSizeRel|x64.Build.0 = MinSizeRel|x64
		{8D78ADC8-C231-392E-A9A5-3065DA91E8FD}.RelWithDebInfo|x64.ActiveCfg = RelWithDebInfo|x64
		{8D78ADC8-C231-392E-A9A5-3065DA91E8FD}.RelWithDebInfo|x64.Build.0 = RelWithDebInfo|x64
		{ABF62EE0-75F8-3CC8-A94B-94C94EED4322}.Debug|x64.ActiveCfg = Debug|x64
		{ABF62EE0-75F8-3CC8-A94B-94C94EED4322}.Debug|x64.Build.0 = Debug|x64
		{ABF62EE0-75F8-3CC8-A94B-94C94EED4322}.Release|x64.ActiveCfg = Release|x64
		{ABF62EE0-75F8-3CC8-A94B-94C94EED4322}.Release|x64.Build.0 = Release|x64
		{ABF62EE0-75F8-3CC8-A94B-94C94EED4322}.MinSizeRel|x64.ActiveCfg = MinSizeRel|x64
		{ABF62EE0-75F8-3CC8-A94B-94C94EED4322}.MinSizeRel|x64.Build.0 = MinSizeRel|x64
		{ABF62EE0-75F8-3CC8-A94B-94C94EED4322}.RelWithDebInfo|x64.ActiveCfg = RelWithDebInfo|x64
		{ABF62EE0-75F8-3CC8-A94B-94C94EED4322}.RelWithDebInfo|x64.Build.0 = RelWithDebInfo|x64
		{09C97E44-ED0D-3FA5-8A30-E534B22ECF00}.Debug|x64.ActiveCfg = Debug|x64
		{09C97E44-ED0D-3FA5-8A30-E534B22ECF00}.Debug|x64.Build.0 = Debug|x64
		{09C97E44-ED0D-3FA5-8A30-E534B22ECF00}.Release|x64.ActiveCfg = Release|x64
		{09C97E44-ED0D-3FA5-8A30-E534B22ECF00}.Release|x64.Build.0 = Release|x64
		{09C97E44-ED0D-3FA5-8A30-E534B22ECF00}.MinSizeRel|x64.ActiveCfg = MinSizeRel|x64
		{09C97E44-ED0D-3FA5-8A30-E534B22ECF00}.MinSizeRel|x64.Build.0 = MinSizeRel|x64
		{09C97E44-ED0D-3FA5-8A30-E534B22ECF00}.RelWithDebInfo|x64.ActiveCfg = RelWithDebInfo|x64
		{09C97E44-ED0D-3FA5-8A30-E534B22ECF00}.RelWithDebInfo|x64.Build.0 = RelWithDebInfo|x64
		{A26C829C-8A91-3D6E-94DE-74B25F7B68D6}.Debug|x64.ActiveCfg = Debug|x64
		{A26C829C-8A91-3D6E-94DE-74B25F7B68D6}.Debug|x64.Build.0 = Debug|x64
		{A26C829C-8A91-3D6E-94DE-74B25F7B68D6}.Release|x64.ActiveCfg = Release|x64
		{A26C829C-8A91-3D6E-94DE-74B25F7B68D6}.Release|x64.Build.0 = Release|x64
		{A26C829C-8A91-3D6E-94DE-74B25F7B68D6}.MinSizeRel|x64.ActiveCfg = MinSizeRel|x64
		{A26C829C-8A91-3D6E-94DE-74B25F7B68D6}.MinSizeRel|x64.Build.0 = MinSizeRel|x64
		{A26C829C-8A91-3D6E-94DE-74B25F7B68D6}.RelWithDebInfo|x64.ActiveCfg = RelWithDebInfo|x64
		{A26C829C-8A91-3D6E-94DE-74B25F7B68D6}.RelWithDebInfo|x64.Build.0 = RelWithDebInfo|x64
		{D5DA946E-A4CD-3378-8950-986D9A1EAFC4}.Debug|x64.ActiveCfg = Debug|x64
		{D5DA946E-A4CD-3378-8950-986D9A1EAFC4}.Debug|x64.Build.0 = Debug|x64
		{D5DA946E-A4CD-3378-8950-986D9A1EAFC4}.Release|x64.ActiveCfg = Release|x64
		{D5DA946E-A4CD-3378-8950-986D9A1EAFC4}.Release|x64.Build.0 = Release|x64
		{D5DA946E-A4CD-3378-8950-986D9A1EAFC4}.MinSizeRel|x64.ActiveCfg = MinSizeRel|x64
		{D5DA946E-A4CD-3378-8950-986D9A1EAFC4}.MinSizeRel|x64.Build.0 = MinSizeRel|x64
		{D5DA946E-A4CD-3378-8950-986D9A1EAFC4}.RelWithDebInfo|x64.ActiveCfg = RelWithDebInfo|x64
		{D5DA946E-A4CD-3378-8950-986D9A1EAFC4}.RelWithDebInfo|x64.Build.0 = RelWithDebInfo|x64
		{6AE0A5BF-4EA7-3ABB-A951-F1E962353519}.Debug|x64.ActiveCfg = Debug|x64
		{6AE0A5BF-4EA7-3ABB-A951-F1E962353519}.Debug|x64.Build.0 = Debug|x64
		{6AE0A5BF-4EA7-3ABB-A951-F1E962353519}.Release|x64.ActiveCfg = Release|x64
		{6AE0A5BF-4EA7-3ABB-A951-F1E962353519}.Release|x64.Build.0 = Release|x64
		{6AE0A5BF-4EA7-3ABB-A951-F1E962353519}.MinSizeRel|x64.ActiveCfg = MinSizeRel|x64
		{6AE0A5BF-4EA7-3ABB-A951-F1E962353519}.MinSizeRel|x64.Build.0 = MinSizeRel|x64
		{6AE0A5BF-4EA7-3ABB-A951-F1E962353519}.RelWithDebInfo|x64.ActiveCfg = RelWithDebInfo|x64
		{6AE0A5BF-4EA7-3ABB-A951-F1E962353519}.RelWithDebInfo|x64.Build.0 = RelWithDebInfo|x64
		{BE2C9FE2-2690-39DE-8D5C-0BAE12E0B22B}.Debug|x64.ActiveCfg = Debug|x64
		{BE2C9FE2-2690-39DE-8D5C-0BAE12E0B22B}.Debug|x64.Build.0 = Debug|x64
		{BE2C9FE2-2690-39DE-8D5C-0BAE12E0B22B}.Release|x64.ActiveCfg = Release|x64
		{BE2C9FE2-2690-39DE-8D5C-0BAE12E0B22B}.Release|x64.Build.0 = Release|x64
		{BE2C9FE2-2690-39DE-8D5C-0BAE12E0B22B}.MinSizeRel|x64.ActiveCfg = MinSizeRel|x64
		{BE2C9FE2-2690-39DE-8D5C-0BAE12E0B22B}.MinSizeRel|x64.Build.0 = MinSizeRel|x64
		{BE2C9FE2-2690-39DE-8D5C-0BAE12E0B22B}.RelWithDebInfo|x64.ActiveCfg = RelWithDebInfo|x64
		{BE2C9FE2-2690-39DE-8D5C-0BAE12E0B22B}.RelWithDebInfo|x64.Build.0 = RelWithDebInfo|x64
		{43561D21-B6BE-3CFF-9468-A36D3EAA737E}.Debug|x64.ActiveCfg = Debug|x64
		{43561D21-B6BE-3CFF-9468-A36D3EAA737E}.Debug|x64.Build.0 = Debug|x64
		{43561D21-B6BE-3CFF-9468-A36D3EAA737E}.Release|x64.ActiveCfg = Release|x64
		{43561D21-B6BE-3CFF-9468-A36D3EAA737E}.Release|x64.Build.0 = Release|x64
		{43561D21-B6BE-3CFF-9468-A36D3EAA737E}.MinSizeRel|x64.ActiveCfg = MinSizeRel|x64
		{43561D21-B6BE-3CFF-9468-A36D3EAA737E}.MinSizeRel|x64.Build.0 = MinSizeRel|x64
		{43561D21-B6BE-3CFF-9468-A36D3EAA737E}.RelWithDebInfo|x64.ActiveCfg = RelWithDebInfo|x64
		{43561D21-B6BE-3CFF-9468-A36D3EAA737E}.RelWithDebInfo|x64.Build.0 = RelWithDebInfo|x64
		{30F20EDE-221D-3D88-8A61-7560ADAEB5A7}.Debug|x64.ActiveCfg = Debug|x64
		{30F20EDE-221D-3D88-8A61-7560ADAEB5A7}.Debug|x64.Build.0 = Debug|x64
		{30F20EDE-221D-3D88-8A61-7560ADAEB5A7}.Release|x64.ActiveCfg = Release|x64
		{30F20EDE-221D-3D88-8A61-7560ADAEB5A7}.Release|x64.Build.0 = Release|x64
		{30F20EDE-221D-3D88-8A61-7560ADAEB5A7}.MinSizeRel|x64.ActiveCfg = MinSizeRel|x64
		{30F20EDE-221D-3D88-8A61-7560ADAEB5A7}.MinSizeRel|x64.Build.0 = MinSizeRel|x64
		{30F20EDE-221D-3D88-8A61-7560ADAEB5A7}.RelWithDebInfo|x64.ActiveCfg = RelWithDebInfo|x64
		{30F20EDE-221D-3D88-8A61-7560ADAEB5A7}.RelWithDebInfo|x64.Build.0 = RelWithDebInfo|x64
		{884DA3E7-0201-318B-BFD1-39D685C3D75B}.Debug|x64.ActiveCfg = Debug|x64
		{884DA3E7-0201-318B-BFD1-39D685C3D75B}.Debug|x64.Build.0 = Debug|x64
		{884DA3E7-0201-318B-BFD1-39D685C3D75B}.Release|x64.ActiveCfg = Release|x64
		{884DA3E7-0201-318B-BFD1-39D685C3D75B}.Release|x64.Build.0 = Release|x64
		{884DA3E7-0201-318B-BFD1-39D685C3D75B}.MinSizeRel|x64.ActiveCfg = MinSizeRel|x64
		{884DA3E7-0201-318B-BFD1-39D685C3D75B}.MinSizeRel|x64.Build.0 = MinSizeRel|x64
		{884DA3E7-0201-318B-BFD1-39D685C3D75B}.RelWithDebInfo|x64.ActiveCfg = RelWithDebInfo|x64
		{884DA3E7-0201-318B-BFD1-39D685C3D75B}.RelWithDebInfo|x64.Build.0 = RelWithDebInfo|x64
		{EB7BB72A-A3EB-3CF1-8933-5919FB43CDED}.Debug|x64.ActiveCfg = Debug|x64
		{EB7BB72A-A3EB-3CF1-8933-5919FB43CDED}.Debug|x64.Build.0 = Debug|x64
		{EB7BB72A-A3EB-3CF1-8933-5919FB43CDED}.Release|x64.ActiveCfg = Release|x64
		{EB7BB72A-A3EB-3CF1-8933-5919FB43CDED}.Release|x64.Build.0 = Release|x64
		{EB7BB72A-A3EB-3CF1-8933-5919FB43CDED}.MinSizeRel|x64.ActiveCfg = MinSizeRel|x64
		{EB7BB72A-A3EB-3CF1-8933-5919FB43CDED}.MinSizeRel|x64.Build.0 = MinSizeRel|x64
		{EB7BB72A-A3EB-3CF1-8933-5919FB43CDED}.RelWithDebInfo|x64.ActiveCfg = RelWithDebInfo|x64
		{EB7BB72A-A3EB-3CF1-8933-5919FB43CDED}.RelWithDebInfo|x64.Build.0 = RelWithDebInfo|x64
		{60BA27F3-8981-38AF-8465-B223854638C2}.Debug|x64.ActiveCfg = Debug|x64
		{60BA27F3-8981-38AF-8465-B223854638C2}.Debug|x64.Build.0 = Debug|x64
		{60BA27F3-8981-38AF-8465-B223854638C2}.Release|x64.ActiveCfg = Release|x64
		{60BA27F3-8981-38AF-8465-B223854638C2}.Release|x64.Build.0 = Release|x64
		{60BA27F3-8981-38AF-8465-B223854638C2}.MinSizeRel|x64.ActiveCfg = MinSizeRel|x64
		{60BA27F3-8981-38AF-8465-B223854638C2}.MinSizeRel|x64.Build.0 = MinSizeRel|x64
		{60BA27F3-8981-38AF-8465-B223854638C2}.RelWithDebInfo|x64.ActiveCfg = RelWithDebInfo|x64
		{60BA27F3-8981-38AF-8465-B223854638C2}.RelWithDebInfo|x64.Build.0 = RelWithDebInfo|x64
		{D8AFC79C-3BFD-3E63-970C-CF7404CC08F3}.Debug|x64.ActiveCfg = Debug|x64
		{D8AFC79C-3BFD-3E63-970C-CF7404CC08F3}.Debug|x64.Build.0 = Debug|x64
		{D8AFC79C-3BFD-3E63-970C-CF7404CC08F3}.Release|x64.ActiveCfg = Release|x64
		{D8AFC79C-3BFD-3E63-970C-CF7404CC08F3}.Release|x64.Build.0 = Release|x64
		{D8AFC79C-3BFD-3E63-970C-CF7404CC08F3}.MinSizeRel|x64.ActiveCfg = MinSizeRel|x64
		{D8AFC79C-3BFD-3E63-970C-CF7404CC08F3}.MinSizeRel|x64.Build.0 = MinSizeRel|x64
		{D8AFC79C-3BFD-3E63-970C-CF7404CC08F3}.RelWithDebInfo|x64.ActiveCfg = RelWithDebInfo|x64
		{D8AFC79C-3BFD-3E63-970C-CF7404CC08F3}.RelWithDebInfo|x64.Build.0 = RelWithDebInfo|x64
		{C906D750-FC61-36D5-AF38-4FAF632CA02B}.Debug|x64.ActiveCfg = Debug|x64
		{C906D750-FC61-36D5-AF38-4FAF632CA02B}.Debug|x64.Build.0 = Debug|x64
		{C906D750-FC61-36D5-AF38-4FAF632CA02B}.Release|x64.ActiveCfg = Release|x64
		{C906D750-FC61-36D5-AF38-4FAF632CA02B}.Release|x64.Build.0 = Release|x64
		{C906D750-FC61-36D5-AF38-4FAF632CA02B}.MinSizeRel|x64.ActiveCfg = MinSizeRel|x64
		{C906D750-FC61-36D5-AF38-4FAF632CA02B}.MinSizeRel|x64.Build.0 = MinSizeRel|x64
		{C906D750-FC61-36D5-AF38-4FAF632CA02B}.RelWithDebInfo|x64.ActiveCfg = RelWithDebInfo|x64
		{C906D750-FC61-36D5-AF38-4FAF632CA02B}.RelWithDebInfo|x64.Build.0 = RelWithDebInfo|x64
		{0021D56F-FE64-36A6-A3C5-D4FB1BFF0628}.Debug|x64.ActiveCfg = Debug|x64
		{0021D56F-FE64-36A6-A3C5-D4FB1BFF0628}.Debug|x64.Build.0 = Debug|x64
		{0021D56F-FE64-36A6-A3C5-D4FB1BFF0628}.Release|x64.ActiveCfg = Release|x64
		{0021D56F-FE64-36A6-A3C5-D4FB1BFF0628}.Release|x64.Build.0 = Release|x64
		{0021D56F-FE64-36A6-A3C5-D4FB1BFF0628}.MinSizeRel|x64.ActiveCfg = MinSizeRel|x64
		{0021D56F-FE64-36A6-A3C5-D4FB1BFF0628}.MinSizeRel|x64.Build.0 = MinSizeRel|x64
		{0021D56F-FE64-36A6-A3C5-D4FB1BFF0628}.RelWithDebInfo|x64.ActiveCfg = RelWithDebInfo|x64
		{0021D56F-FE64-36A6-A3C5-D4FB1BFF0628}.RelWithDebInfo|x64.Build.0 = RelWithDebInfo|x64
		{43D2A190-254B-39A6-B19D-A65075E16F0E}.Debug|x64.ActiveCfg = Debug|x64
		{43D2A190-254B-39A6-B19D-A65075E16F0E}.Debug|x64.Build.0 = Debug|x64
		{43D2A190-254B-39A6-B19D-A65075E16F0E}.Release|x64.ActiveCfg = Release|x64
		{43D2A190-254B-39A6-B19D-A65075E16F0E}.Release|x64.Build.0 = Release|x64
		{43D2A190-254B-39A6-B19D-A65075E16F0E}.MinSizeRel|x64.ActiveCfg = MinSizeRel|x64
		{43D2A190-254B-39A6-B19D-A65075E16F0E}.MinSizeRel|x64.Build.0 = MinSizeRel|x64
		{43D2A190-254B-39A6-B19D-A65075E16F0E}.RelWithDebInfo|x64.ActiveCfg = RelWithDebInfo|x64
		{43D2A190-254B-39A6-B19D-A65075E16F0E}.RelWithDebInfo|x64.Build.0 = RelWithDebInfo|x64
		{0E979711-E174-36F9-BCD4-7FBE29B2F7CF}.Debug|x64.ActiveCfg = Debug|x64
		{0E979711-E174-36F9-BCD4-7FBE29B2F7CF}.Debug|x64.Build.0 = Debug|x64
		{0E979711-E174-36F9-BCD4-7FBE29B2F7CF}.Release|x64.ActiveCfg = Release|x64
		{0E979711-E174-36F9-BCD4-7FBE29B2F7CF}.Release|x64.Build.0 = Release|x64
		{0E979711-E174-36F9-BCD4-7FBE29B2F7CF}.MinSizeRel|x64.ActiveCfg = MinSizeRel|x64
		{0E979711-E174-36F9-BCD4-7FBE29B2F7CF}.MinSizeRel|x64.Build.0 = MinSizeRel|x64
		{0E979711-E174-36F9-BCD4-7FBE29B2F7CF}.RelWithDebInfo|x64.ActiveCfg = RelWithDebInfo|x64
		{0E979711-E174-36F9-BCD4-7FBE29B2F7CF}.RelWithDebInfo|x64.Build.0 = RelWithDebInfo|x64
		{425907FE-B181-3158-B58A-E5C80B3DE6F7}.Debug|x64.ActiveCfg = Debug|x64
		{425907FE-B181-3158-B58A-E5C80B3DE6F7}.Debug|x64.Build.0 = Debug|x64
		{425907FE-B181-3158-B58A-E5C80B3DE6F7}.Release|x64.ActiveCfg = Release|x64
		{425907FE-B181-3158-B58A-E5C80B3DE6F7}.Release|x64.Build.0 = Release|x64
		{425907FE-B181-3158-B58A-E5C80B3DE6F7}.MinSizeRel|x64.ActiveCfg = MinSizeRel|x64
		{425907FE-B181-3158-B58A-E5C80B3DE6F7}.MinSizeRel|x64.Build.0 = MinSizeRel|x64
		{425907FE-B181-3158-B58A-E5C80B3DE6F7}.RelWithDebInfo|x64.ActiveCfg = RelWithDebInfo|x64
		{425907FE-B181-3158-B58A-E5C80B3DE6F7}.RelWithDebInfo|x64.Build.0 = RelWithDebInfo|x64
		{CA0EFA69-B1A8-3C3A-9B1E-C35380464F57}.Debug|x64.ActiveCfg = Debug|x64
		{CA0EFA69-B1A8-3C3A-9B1E-C35380464F57}.Release|x64.ActiveCfg = Release|x64
		{CA0EFA69-B1A8-3C3A-9B1E-C35380464F57}.MinSizeRel|x64.ActiveCfg = MinSizeRel|x64
		{CA0EFA69-B1A8-3C3A-9B1E-C35380464F57}.RelWithDebInfo|x64.ActiveCfg = RelWithDebInfo|x64
		{A5F7D93F-79ED-337B-B3E3-82542563F3CE}.Debug|x64.ActiveCfg = Debug|x64
		{A5F7D93F-79ED-337B-B3E3-82542563F3CE}.Release|x64.ActiveCfg = Release|x64
		{A5F7D93F-79ED-337B-B3E3-82542563F3CE}.MinSizeRel|x64.ActiveCfg = MinSizeRel|x64
		{A5F7D93F-79ED-337B-B3E3-82542563F3CE}.RelWithDebInfo|x64.ActiveCfg = RelWithDebInfo|x64
		{372F30EE-3B6F-3DFC-A3F9-A4486A93FBDA}.Debug|x64.ActiveCfg = Debug|x64
		{372F30EE-3B6F-3DFC-A3F9-A4486A93FBDA}.Debug|x64.Build.0 = Debug|x64
		{372F30EE-3B6F-3DFC-A3F9-A4486A93FBDA}.Release|x64.ActiveCfg = Release|x64
		{372F30EE-3B6F-3DFC-A3F9-A4486A93FBDA}.Release|x64.Build.0 = Release|x64
		{372F30EE-3B6F-3DFC-A3F9-A4486A93FBDA}.MinSizeRel|x64.ActiveCfg = MinSizeRel|x64
		{372F30EE-3B6F-3DFC-A3F9-A4486A93FBDA}.MinSizeRel|x64.Build.0 = MinSizeRel|x64
		{372F30EE-3B6F-3DFC-A3F9-A4486A93FBDA}.RelWithDebInfo|x64.ActiveCfg = RelWithDebInfo|x64
		{372F30EE-3B6F-3DFC-A3F9-A4486A93FBDA}.RelWithDebInfo|x64.Build.0 = RelWithDebInfo|x64
		{5AEAB126-55D7-3B55-852A-2E36EE742558}.Debug|x64.ActiveCfg = Debug|x64
		{5AEAB126-55D7-3B55-852A-2E36EE742558}.Debug|x64.Build.0 = Debug|x64
		{5AEAB126-55D7-3B55-852A-2E36EE742558}.Release|x64.ActiveCfg = Release|x64
		{5AEAB126-55D7-3B55-852A-2E36EE742558}.Release|x64.Build.0 = Release|x64
		{5AEAB126-55D7-3B55-852A-2E36EE742558}.MinSizeRel|x64.ActiveCfg = MinSizeRel|x64
		{5AEAB126-55D7-3B55-852A-2E36EE742558}.MinSizeRel|x64.Build.0 = MinSizeRel|x64
		{5AEAB126-55D7-3B55-852A-2E36EE742558}.RelWithDebInfo|x64.ActiveCfg = RelWithDebInfo|x64
		{5AEAB126-55D7-3B55-852A-2E36EE742558}.RelWithDebInfo|x64.Build.0 = RelWithDebInfo|x64
	EndGlobalSection
	GlobalSection(NestedProjects) = preSolution
		{B41B4995-65C5-3B0F-8FEC-BA729E779909} = {B9C07DBC-EFA5-30A3-8B8D-B235DC2AFF41}
		{095DCB3B-B4BD-3FA0-B0DD-ACB1AEEF0B04} = {B9C07DBC-EFA5-30A3-8B8D-B235DC2AFF41}
		{B93489ED-43CD-39A6-A0D5-16626F53045C} = {B9C07DBC-EFA5-30A3-8B8D-B235DC2AFF41}
		{480ABC93-DC01-32B9-9FBB-95CB96EF5861} = {C8F86B1E-2DB8-387A-ACD3-7CD002E8E057}
		{75FC7D4C-A7EE-3390-B24E-14E77D0A20A5} = {C8F86B1E-2DB8-387A-ACD3-7CD002E8E057}
		{529AE1A1-4319-3D1E-8365-CE6E3EC850FD} = {C8F86B1E-2DB8-387A-ACD3-7CD002E8E057}
		{CA0EFA69-B1A8-3C3A-9B1E-C35380464F57} = {C8F86B1E-2DB8-387A-ACD3-7CD002E8E057}
		{A5F7D93F-79ED-337B-B3E3-82542563F3CE} = {C8F86B1E-2DB8-387A-ACD3-7CD002E8E057}
		{EA2A7AA8-F6B2-323D-9C11-24A49AD418A7} = {480ABC93-DC01-32B9-9FBB-95CB96EF5861}
		{B313632D-48D8-31D2-A944-393AF8097BA7} = {480ABC93-DC01-32B9-9FBB-95CB96EF5861}
		{AD5AA124-D52E-3CA4-AAE2-FE4F82A0D0E2} = {480ABC93-DC01-32B9-9FBB-95CB96EF5861}
		{BE2C9FE2-2690-39DE-8D5C-0BAE12E0B22B} = {480ABC93-DC01-32B9-9FBB-95CB96EF5861}
		{30F20EDE-221D-3D88-8A61-7560ADAEB5A7} = {480ABC93-DC01-32B9-9FBB-95CB96EF5861}
		{EB7BB72A-A3EB-3CF1-8933-5919FB43CDED} = {480ABC93-DC01-32B9-9FBB-95CB96EF5861}
		{60BA27F3-8981-38AF-8465-B223854638C2} = {480ABC93-DC01-32B9-9FBB-95CB96EF5861}
		{D8AFC79C-3BFD-3E63-970C-CF7404CC08F3} = {480ABC93-DC01-32B9-9FBB-95CB96EF5861}
		{372F30EE-3B6F-3DFC-A3F9-A4486A93FBDA} = {480ABC93-DC01-32B9-9FBB-95CB96EF5861}
		{038F3422-5877-38C0-A44C-D3FE192FBF0B} = {75FC7D4C-A7EE-3390-B24E-14E77D0A20A5}
		{92E11628-C21C-305C-9650-B9833BA172B0} = {75FC7D4C-A7EE-3390-B24E-14E77D0A20A5}
		{6F15CBBF-C8F7-30B8-ABF4-1E986F5AC6F6} = {75FC7D4C-A7EE-3390-B24E-14E77D0A20A5}
		{EC184027-6F1F-32D9-A022-582161563354} = {75FC7D4C-A7EE-3390-B24E-14E77D0A20A5}
		{7570DC00-D36B-3C77-AFBB-875598FCAC99} = {75FC7D4C-A7EE-3390-B24E-14E77D0A20A5}
		{A136F018-0B9C-3A3A-85FD-1B551E6417EC} = {75FC7D4C-A7EE-3390-B24E-14E77D0A20A5}
		{8D78ADC8-C231-392E-A9A5-3065DA91E8FD} = {75FC7D4C-A7EE-3390-B24E-14E77D0A20A5}
		{ABF62EE0-75F8-3CC8-A94B-94C94EED4322} = {75FC7D4C-A7EE-3390-B24E-14E77D0A20A5}
		{09C97E44-ED0D-3FA5-8A30-E534B22ECF00} = {75FC7D4C-A7EE-3390-B24E-14E77D0A20A5}
		{A26C829C-8A91-3D6E-94DE-74B25F7B68D6} = {75FC7D4C-A7EE-3390-B24E-14E77D0A20A5}
		{D5DA946E-A4CD-3378-8950-986D9A1EAFC4} = {75FC7D4C-A7EE-3390-B24E-14E77D0A20A5}
		{6AE0A5BF-4EA7-3ABB-A951-F1E962353519} = {75FC7D4C-A7EE-3390-B24E-14E77D0A20A5}
		{43561D21-B6BE-3CFF-9468-A36D3EAA737E} = {75FC7D4C-A7EE-3390-B24E-14E77D0A20A5}
		{884DA3E7-0201-318B-BFD1-39D685C3D75B} = {75FC7D4C-A7EE-3390-B24E-14E77D0A20A5}
		{C906D750-FC61-36D5-AF38-4FAF632CA02B} = {75FC7D4C-A7EE-3390-B24E-14E77D0A20A5}
		{0021D56F-FE64-36A6-A3C5-D4FB1BFF0628} = {75FC7D4C-A7EE-3390-B24E-14E77D0A20A5}
		{43D2A190-254B-39A6-B19D-A65075E16F0E} = {75FC7D4C-A7EE-3390-B24E-14E77D0A20A5}
		{0E979711-E174-36F9-BCD4-7FBE29B2F7CF} = {75FC7D4C-A7EE-3390-B24E-14E77D0A20A5}
		{425907FE-B181-3158-B58A-E5C80B3DE6F7} = {75FC7D4C-A7EE-3390-B24E-14E77D0A20A5}
		{5AEAB126-55D7-3B55-852A-2E36EE742558} = {75FC7D4C-A7EE-3390-B24E-14E77D0A20A5}
	EndGlobalSection
	GlobalSection(ExtensibilityGlobals) = postSolution
		SolutionGuid = {11E63406-E64D-3C8B-83AD-B8F87B193E81}
	EndGlobalSection
	GlobalSection(ExtensibilityAddIns) = postSolution
	EndGlobalSection
EndGlobal
